
Microsoft Visual Studio Solution File, Format Version 12.00
# Visual Studio Version 17
VisualStudioVersion = 17.0.32126.317
MinimumVisualStudioVersion = 10.0.40219.1
Project("{8BC9CEB8-8B4A-11D0-8D11-00A0C91BC942}") = "lutp", "lutp\lutp.vcxproj", "{4B724334-FBE8-42BD-98F5-428DFC0D0F5C}"
EndProject
Global
	GlobalSection(SolutionConfigurationPlatforms) = preSolution
		Debug|x64 = Debug|x64
		Debug|x86 = Debug|x86
		Release|x64 = Release|x64
		Release|x86 = Release|x86
	EndGlobalSection
	GlobalSection(ProjectConfigurationPlatforms) = postSolution
		{4B724334-FBE8-42BD-98F5-428DFC0D0F5C}.Debug|x64.ActiveCfg = Debug|x64
		{4B724334-FBE8-42BD-98F5-428DFC0D0F5C}.Debug|x64.Build.0 = Debug|x64
		{4B724334-FBE8-42BD-98F5-428DFC0D0F5C}.Debug|x86.ActiveCfg = Debug|Win32
		{4B724334-FBE8-42BD-98F5-428DFC0D0F5C}.Debug|x86.Build.0 = Debug|Win32
		{4B724334-FBE8-42BD-98F5-428DFC0D0F5C}.Release|x64.ActiveCfg = Release|x64
		{4B724334-FBE8-42BD-98F5-428DFC0D0F5C}.Release|x64.Build.0 = Release|x64
		{4B724334-FBE8-42BD-98F5-428DFC0D0F5C}.Release|x86.ActiveCfg = Release|Win32
		{4B724334-FBE8-42BD-98F5-428DFC0D0F5C}.Release|x86.Build.0 = Release|Win32
	EndGlobalSection
	GlobalSection(SolutionProperties) = preSolution
		HideSolutionNode = FALSE
	EndGlobalSection
	GlobalSection(ExtensibilityGlobals) = postSolution
		SolutionGuid = {63226E7F-7FA1-449D-A734-A85C057452E6}
	EndGlobalSection
EndGlobal
